{
  "name": "vsse",
  "version": "0.1.3",
  "lockfileVersion": 3,
  "requires": true,
  "packages": {
    "": {
      "name": "vsse",
      "version": "0.1.3",
      "license": "MIT",
      "dependencies": {
        "event-source-polyfill": "^1.0.31"
      }
    },
    "node_modules/event-source-polyfill": {
      "version": "1.0.31",
      "resolved": "https://registry.npmjs.org/event-source-polyfill/-/event-source-polyfill-1.0.31.tgz",
      "integrity": "sha512-4IJSItgS/41IxN5UVAVuAyczwZF7ZIEsM1XAoUzIHA6A+xzusEZUutdXz2Nr+MQPLxfTiCvqE79/C8HT8fKFvA==",
      "license": "MIT"
    }
  }
}
